{
  "object": {
    "pins": [
      {
        "package": "JPEG",
        "repositoryURL": "https://github.com/kelvin13/jpeg",
        "state": {
          "branch": "master",
          "revision": "d28707ff7c7ccb58b7012006517564dc271d586d",
          "version": null
        }
      },
      {
        "package": "libjpeg-swift",
        "repositoryURL": "https://github.com/Ayush517/libjpeg-swift",
        "state": {
          "branch": "master",
          "revision": "696315d186141b1bae8b7af77a47f106ef420102",
          "version": null
        }
      },
      {
        "package": "swift-argument-parser",
        "repositoryURL": "https://github.com/apple/swift-argument-parser",
        "state": {
          "branch": null,
          "revision": "223d62adc52d51669ae2ee19bdb8b7d9fd6fcd9c",
          "version": "0.0.6"
        }
      },
      {
        "package": "Benchmark",
        "repositoryURL": "https://github.com/google/swift-benchmark",
        "state": {
          "branch": "master",
          "revision": "e2bb5e3e74702b2a764f62007a79bc9feb667ee3",
          "version": null
        }
      },
      {
        "package": "TensorFlowModels",
        "repositoryURL": "https://github.com/tensorflow/swift-models",
        "state": {
          "branch": "master",
          "revision": "e1e6121d5a06a3a381344df74b3cfd9ed15d6f6e",
          "version": null
        }
      },
      {
        "package": "SwiftProtobuf",
        "repositoryURL": "https://github.com/apple/swift-protobuf.git",
        "state": {
          "branch": null,
          "revision": "f33185acd089405d365982ccab2f58469052a545",
          "version": "1.10.2"
        }
      }
    ]
  },
  "version": 1
}
