{
  "object": {
    "pins": [
      {
        "package": "libjpeg-swift",
        "repositoryURL": "https://github.com/Ayush517/libjpeg-swift",
        "state": {
          "branch": "master",
          "revision": "3ff2fe7c7e95fe8e898e79b80c6aa28be6f85abd",
          "version": null
        }
      },
      {
        "package": "swift-argument-parser",
        "repositoryURL": "https://github.com/apple/swift-argument-parser",
        "state": {
          "branch": null,
          "revision": "223d62adc52d51669ae2ee19bdb8b7d9fd6fcd9c",
          "version": "0.0.6"
        }
      },
      {
        "package": "Benchmark",
        "repositoryURL": "https://github.com/google/swift-benchmark",
        "state": {
          "branch": "master",
          "revision": "e2bb5e3e74702b2a764f62007a79bc9feb667ee3",
          "version": null
        }
      },
      {
        "package": "TensorFlowModels",
        "repositoryURL": "http://github.com/tensorflow/swift-models",
        "state": {
          "branch": "master",
          "revision": "7680f531d831b6c12d6405311ca8967c37e48d77",
          "version": null
        }
      },
      {
        "package": "SwiftProtobuf",
        "repositoryURL": "https://github.com/apple/swift-protobuf.git",
        "state": {
          "branch": null,
          "revision": "4d5fc241fbb6edf00ffe54a6ffe02eff8064a17c",
          "version": "1.10.1"
        }
      }
    ]
  },
  "version": 1
}
