// !$*UTF8*$!
{
	archiveVersion = 1;
	classes = {
	};
	objectVersion = 52;
	objects = {

/* Begin PBXBuildFile section */
		387A5C2E2481DF2C007D9B0F /* subsetImagenette.swift in Sources */ = {isa = PBXBuildFile; fileRef = 387A5C2D2481DF2C007D9B0F /* subsetImagenette.swift */; };
		387A5C322483A5C8007D9B0F /* stbImageBenchmark.swift in Sources */ = {isa = PBXBuildFile; fileRef = 387A5C312483A5C8007D9B0F /* stbImageBenchmark.swift */; };
		387A5C342483A5E0007D9B0F /* Image.swift in Sources */ = {isa = PBXBuildFile; fileRef = 387A5C332483A5E0007D9B0F /* Image.swift */; };
		389B0047247F678900D27828 /* main.swift in Sources */ = {isa = PBXBuildFile; fileRef = 389B0046247F678900D27828 /* main.swift */; };
		389B0050247F67D200D27828 /* Benchmark in Frameworks */ = {isa = PBXBuildFile; productRef = 389B004F247F67D200D27828 /* Benchmark */; };
		389B0053247F693600D27828 /* VideoClassificationModels in Frameworks */ = {isa = PBXBuildFile; productRef = 389B0052247F693600D27828 /* VideoClassificationModels */; };
		389B0055247F693600D27828 /* ImageClassificationModels in Frameworks */ = {isa = PBXBuildFile; productRef = 389B0054247F693600D27828 /* ImageClassificationModels */; };
		389B0057247F693600D27828 /* MiniGo in Frameworks */ = {isa = PBXBuildFile; productRef = 389B0056247F693600D27828 /* MiniGo */; };
		389B0059247F693600D27828 /* ModelSupport in Frameworks */ = {isa = PBXBuildFile; productRef = 389B0058247F693600D27828 /* ModelSupport */; };
		389B005B247F693600D27828 /* Batcher in Frameworks */ = {isa = PBXBuildFile; productRef = 389B005A247F693600D27828 /* Batcher */; };
		389B005D247F693600D27828 /* FastStyleTransfer in Frameworks */ = {isa = PBXBuildFile; productRef = 389B005C247F693600D27828 /* FastStyleTransfer */; };
		389B005F247F693600D27828 /* RecommendationModels in Frameworks */ = {isa = PBXBuildFile; productRef = 389B005E247F693600D27828 /* RecommendationModels */; };
		389B0061247F693600D27828 /* Datasets in Frameworks */ = {isa = PBXBuildFile; productRef = 389B0060247F693600D27828 /* Datasets */; };
		389B0063247F693600D27828 /* TextModels in Frameworks */ = {isa = PBXBuildFile; productRef = 389B0062247F693600D27828 /* TextModels */; };
		389B0066247F69CF00D27828 /* pilBenchmark.swift in Sources */ = {isa = PBXBuildFile; fileRef = 389B0065247F69CF00D27828 /* pilBenchmark.swift */; };
/* End PBXBuildFile section */

/* Begin PBXCopyFilesBuildPhase section */
		389B0041247F678900D27828 /* CopyFiles */ = {
			isa = PBXCopyFilesBuildPhase;
			buildActionMask = 2147483647;
			dstPath = /usr/share/man/man1/;
			dstSubfolderSpec = 0;
			files = (
			);
			runOnlyForDeploymentPostprocessing = 1;
		};
/* End PBXCopyFilesBuildPhase section */

/* Begin PBXFileReference section */
		387A5C2D2481DF2C007D9B0F /* subsetImagenette.swift */ = {isa = PBXFileReference; lastKnownFileType = sourcecode.swift; path = subsetImagenette.swift; sourceTree = "<group>"; };
		387A5C312483A5C8007D9B0F /* stbImageBenchmark.swift */ = {isa = PBXFileReference; lastKnownFileType = sourcecode.swift; path = stbImageBenchmark.swift; sourceTree = "<group>"; };
		387A5C332483A5E0007D9B0F /* Image.swift */ = {isa = PBXFileReference; lastKnownFileType = sourcecode.swift; path = Image.swift; sourceTree = "<group>"; };
		389B0043247F678900D27828 /* imagenetteBenchmark */ = {isa = PBXFileReference; explicitFileType = "compiled.mach-o.executable"; includeInIndex = 0; path = imagenetteBenchmark; sourceTree = BUILT_PRODUCTS_DIR; };
		389B0046247F678900D27828 /* main.swift */ = {isa = PBXFileReference; lastKnownFileType = sourcecode.swift; path = main.swift; sourceTree = "<group>"; };
		389B004D247F679300D27828 /* imagenetteBenchmark.entitlements */ = {isa = PBXFileReference; lastKnownFileType = text.plist.entitlements; path = imagenetteBenchmark.entitlements; sourceTree = "<group>"; };
		389B0065247F69CF00D27828 /* pilBenchmark.swift */ = {isa = PBXFileReference; lastKnownFileType = sourcecode.swift; path = pilBenchmark.swift; sourceTree = "<group>"; };
/* End PBXFileReference section */

/* Begin PBXFrameworksBuildPhase section */
		389B0040247F678900D27828 /* Frameworks */ = {
			isa = PBXFrameworksBuildPhase;
			buildActionMask = 2147483647;
			files = (
				389B005B247F693600D27828 /* Batcher in Frameworks */,
				389B0063247F693600D27828 /* TextModels in Frameworks */,
				389B0055247F693600D27828 /* ImageClassificationModels in Frameworks */,
				389B0061247F693600D27828 /* Datasets in Frameworks */,
				389B0057247F693600D27828 /* MiniGo in Frameworks */,
				389B0053247F693600D27828 /* VideoClassificationModels in Frameworks */,
				389B005D247F693600D27828 /* FastStyleTransfer in Frameworks */,
				389B005F247F693600D27828 /* RecommendationModels in Frameworks */,
				389B0059247F693600D27828 /* ModelSupport in Frameworks */,
				389B0050247F67D200D27828 /* Benchmark in Frameworks */,
			);
			runOnlyForDeploymentPostprocessing = 0;
		};
/* End PBXFrameworksBuildPhase section */

/* Begin PBXGroup section */
		389B003A247F678800D27828 = {
			isa = PBXGroup;
			children = (
				389B0045247F678900D27828 /* imagenetteBenchmark */,
				389B0044247F678900D27828 /* Products */,
				389B0064247F694300D27828 /* Frameworks */,
			);
			sourceTree = "<group>";
		};
		389B0044247F678900D27828 /* Products */ = {
			isa = PBXGroup;
			children = (
				389B0043247F678900D27828 /* imagenetteBenchmark */,
			);
			name = Products;
			sourceTree = "<group>";
		};
		389B0045247F678900D27828 /* imagenetteBenchmark */ = {
			isa = PBXGroup;
			children = (
				389B004D247F679300D27828 /* imagenetteBenchmark.entitlements */,
				389B0046247F678900D27828 /* main.swift */,
				387A5C312483A5C8007D9B0F /* stbImageBenchmark.swift */,
				389B0065247F69CF00D27828 /* pilBenchmark.swift */,
				387A5C332483A5E0007D9B0F /* Image.swift */,
				387A5C2D2481DF2C007D9B0F /* subsetImagenette.swift */,
			);
			path = imagenetteBenchmark;
			sourceTree = "<group>";
		};
		389B0064247F694300D27828 /* Frameworks */ = {
			isa = PBXGroup;
			children = (
			);
			name = Frameworks;
			sourceTree = "<group>";
		};
/* End PBXGroup section */

/* Begin PBXNativeTarget section */
		389B0042247F678900D27828 /* imagenetteBenchmark */ = {
			isa = PBXNativeTarget;
			buildConfigurationList = 389B004A247F678900D27828 /* Build configuration list for PBXNativeTarget "imagenetteBenchmark" */;
			buildPhases = (
				389B003F247F678900D27828 /* Sources */,
				389B0040247F678900D27828 /* Frameworks */,
				389B0041247F678900D27828 /* CopyFiles */,
			);
			buildRules = (
			);
			dependencies = (
			);
			name = imagenetteBenchmark;
			packageProductDependencies = (
				389B004F247F67D200D27828 /* Benchmark */,
				389B0052247F693600D27828 /* VideoClassificationModels */,
				389B0054247F693600D27828 /* ImageClassificationModels */,
				389B0056247F693600D27828 /* MiniGo */,
				389B0058247F693600D27828 /* ModelSupport */,
				389B005A247F693600D27828 /* Batcher */,
				389B005C247F693600D27828 /* FastStyleTransfer */,
				389B005E247F693600D27828 /* RecommendationModels */,
				389B0060247F693600D27828 /* Datasets */,
				389B0062247F693600D27828 /* TextModels */,
			);
			productName = imagenetteBenchmark;
			productReference = 389B0043247F678900D27828 /* imagenetteBenchmark */;
			productType = "com.apple.product-type.tool";
		};
/* End PBXNativeTarget section */

/* Begin PBXProject section */
		389B003B247F678900D27828 /* Project object */ = {
			isa = PBXProject;
			attributes = {
				LastSwiftUpdateCheck = 1150;
				LastUpgradeCheck = 1150;
				ORGANIZATIONNAME = "Ayush Agrawal";
				TargetAttributes = {
					389B0042247F678900D27828 = {
						CreatedOnToolsVersion = 11.5;
					};
				};
			};
			buildConfigurationList = 389B003E247F678900D27828 /* Build configuration list for PBXProject "imagenetteBenchmark" */;
			compatibilityVersion = "Xcode 9.3";
			developmentRegion = en;
			hasScannedForEncodings = 0;
			knownRegions = (
				en,
				Base,
			);
			mainGroup = 389B003A247F678800D27828;
			packageReferences = (
				389B004E247F67D200D27828 /* XCRemoteSwiftPackageReference "swift-benchmark" */,
				389B0051247F693600D27828 /* XCRemoteSwiftPackageReference "swift-models" */,
			);
			productRefGroup = 389B0044247F678900D27828 /* Products */;
			projectDirPath = "";
			projectRoot = "";
			targets = (
				389B0042247F678900D27828 /* imagenetteBenchmark */,
			);
		};
/* End PBXProject section */

/* Begin PBXSourcesBuildPhase section */
		389B003F247F678900D27828 /* Sources */ = {
			isa = PBXSourcesBuildPhase;
			buildActionMask = 2147483647;
			files = (
				387A5C2E2481DF2C007D9B0F /* subsetImagenette.swift in Sources */,
				387A5C342483A5E0007D9B0F /* Image.swift in Sources */,
				389B0047247F678900D27828 /* main.swift in Sources */,
				387A5C322483A5C8007D9B0F /* stbImageBenchmark.swift in Sources */,
				389B0066247F69CF00D27828 /* pilBenchmark.swift in Sources */,
			);
			runOnlyForDeploymentPostprocessing = 0;
		};
/* End PBXSourcesBuildPhase section */

/* Begin XCBuildConfiguration section */
		389B0048247F678900D27828 /* Debug */ = {
			isa = XCBuildConfiguration;
			buildSettings = {
				ALWAYS_SEARCH_USER_PATHS = NO;
				CLANG_ANALYZER_NONNULL = YES;
				CLANG_ANALYZER_NUMBER_OBJECT_CONVERSION = YES_AGGRESSIVE;
				CLANG_CXX_LANGUAGE_STANDARD = "gnu++14";
				CLANG_CXX_LIBRARY = "libc++";
				CLANG_ENABLE_MODULES = YES;
				CLANG_ENABLE_OBJC_ARC = YES;
				CLANG_ENABLE_OBJC_WEAK = YES;
				CLANG_WARN_BLOCK_CAPTURE_AUTORELEASING = YES;
				CLANG_WARN_BOOL_CONVERSION = YES;
				CLANG_WARN_COMMA = YES;
				CLANG_WARN_CONSTANT_CONVERSION = YES;
				CLANG_WARN_DEPRECATED_OBJC_IMPLEMENTATIONS = YES;
				CLANG_WARN_DIRECT_OBJC_ISA_USAGE = YES_ERROR;
				CLANG_WARN_DOCUMENTATION_COMMENTS = YES;
				CLANG_WARN_EMPTY_BODY = YES;
				CLANG_WARN_ENUM_CONVERSION = YES;
				CLANG_WARN_INFINITE_RECURSION = YES;
				CLANG_WARN_INT_CONVERSION = YES;
				CLANG_WARN_NON_LITERAL_NULL_CONVERSION = YES;
				CLANG_WARN_OBJC_IMPLICIT_RETAIN_SELF = YES;
				CLANG_WARN_OBJC_LITERAL_CONVERSION = YES;
				CLANG_WARN_OBJC_ROOT_CLASS = YES_ERROR;
				CLANG_WARN_RANGE_LOOP_ANALYSIS = YES;
				CLANG_WARN_STRICT_PROTOTYPES = YES;
				CLANG_WARN_SUSPICIOUS_MOVE = YES;
				CLANG_WARN_UNGUARDED_AVAILABILITY = YES_AGGRESSIVE;
				CLANG_WARN_UNREACHABLE_CODE = YES;
				CLANG_WARN__DUPLICATE_METHOD_MATCH = YES;
				COPY_PHASE_STRIP = NO;
				DEBUG_INFORMATION_FORMAT = dwarf;
				ENABLE_STRICT_OBJC_MSGSEND = YES;
				ENABLE_TESTABILITY = YES;
				GCC_C_LANGUAGE_STANDARD = gnu11;
				GCC_DYNAMIC_NO_PIC = NO;
				GCC_NO_COMMON_BLOCKS = YES;
				GCC_OPTIMIZATION_LEVEL = 0;
				GCC_PREPROCESSOR_DEFINITIONS = (
					"DEBUG=1",
					"$(inherited)",
				);
				GCC_WARN_64_TO_32_BIT_CONVERSION = YES;
				GCC_WARN_ABOUT_RETURN_TYPE = YES_ERROR;
				GCC_WARN_UNDECLARED_SELECTOR = YES;
				GCC_WARN_UNINITIALIZED_AUTOS = YES_AGGRESSIVE;
				GCC_WARN_UNUSED_FUNCTION = YES;
				GCC_WARN_UNUSED_VARIABLE = YES;
				MACOSX_DEPLOYMENT_TARGET = 10.15;
				MTL_ENABLE_DEBUG_INFO = INCLUDE_SOURCE;
				MTL_FAST_MATH = YES;
				ONLY_ACTIVE_ARCH = YES;
				SDKROOT = macosx;
				SWIFT_ACTIVE_COMPILATION_CONDITIONS = DEBUG;
				SWIFT_OPTIMIZATION_LEVEL = "-Onone";
			};
			name = Debug;
		};
		389B0049247F678900D27828 /* Release */ = {
			isa = XCBuildConfiguration;
			buildSettings = {
				ALWAYS_SEARCH_USER_PATHS = NO;
				CLANG_ANALYZER_NONNULL = YES;
				CLANG_ANALYZER_NUMBER_OBJECT_CONVERSION = YES_AGGRESSIVE;
				CLANG_CXX_LANGUAGE_STANDARD = "gnu++14";
				CLANG_CXX_LIBRARY = "libc++";
				CLANG_ENABLE_MODULES = YES;
				CLANG_ENABLE_OBJC_ARC = YES;
				CLANG_ENABLE_OBJC_WEAK = YES;
				CLANG_WARN_BLOCK_CAPTURE_AUTORELEASING = YES;
				CLANG_WARN_BOOL_CONVERSION = YES;
				CLANG_WARN_COMMA = YES;
				CLANG_WARN_CONSTANT_CONVERSION = YES;
				CLANG_WARN_DEPRECATED_OBJC_IMPLEMENTATIONS = YES;
				CLANG_WARN_DIRECT_OBJC_ISA_USAGE = YES_ERROR;
				CLANG_WARN_DOCUMENTATION_COMMENTS = YES;
				CLANG_WARN_EMPTY_BODY = YES;
				CLANG_WARN_ENUM_CONVERSION = YES;
				CLANG_WARN_INFINITE_RECURSION = YES;
				CLANG_WARN_INT_CONVERSION = YES;
				CLANG_WARN_NON_LITERAL_NULL_CONVERSION = YES;
				CLANG_WARN_OBJC_IMPLICIT_RETAIN_SELF = YES;
				CLANG_WARN_OBJC_LITERAL_CONVERSION = YES;
				CLANG_WARN_OBJC_ROOT_CLASS = YES_ERROR;
				CLANG_WARN_RANGE_LOOP_ANALYSIS = YES;
				CLANG_WARN_STRICT_PROTOTYPES = YES;
				CLANG_WARN_SUSPICIOUS_MOVE = YES;
				CLANG_WARN_UNGUARDED_AVAILABILITY = YES_AGGRESSIVE;
				CLANG_WARN_UNREACHABLE_CODE = YES;
				CLANG_WARN__DUPLICATE_METHOD_MATCH = YES;
				COPY_PHASE_STRIP = NO;
				DEBUG_INFORMATION_FORMAT = "dwarf-with-dsym";
				ENABLE_NS_ASSERTIONS = NO;
				ENABLE_STRICT_OBJC_MSGSEND = YES;
				GCC_C_LANGUAGE_STANDARD = gnu11;
				GCC_NO_COMMON_BLOCKS = YES;
				GCC_WARN_64_TO_32_BIT_CONVERSION = YES;
				GCC_WARN_ABOUT_RETURN_TYPE = YES_ERROR;
				GCC_WARN_UNDECLARED_SELECTOR = YES;
				GCC_WARN_UNINITIALIZED_AUTOS = YES_AGGRESSIVE;
				GCC_WARN_UNUSED_FUNCTION = YES;
				GCC_WARN_UNUSED_VARIABLE = YES;
				MACOSX_DEPLOYMENT_TARGET = 10.15;
				MTL_ENABLE_DEBUG_INFO = NO;
				MTL_FAST_MATH = YES;
				SDKROOT = macosx;
				SWIFT_COMPILATION_MODE = wholemodule;
				SWIFT_OPTIMIZATION_LEVEL = "-O";
			};
			name = Release;
		};
		389B004B247F678900D27828 /* Debug */ = {
			isa = XCBuildConfiguration;
			buildSettings = {
				CODE_SIGN_ENTITLEMENTS = imagenetteBenchmark/imagenetteBenchmark.entitlements;
				CODE_SIGN_STYLE = Automatic;
				DEVELOPMENT_TEAM = B298T8UF7G;
				ENABLE_HARDENED_RUNTIME = YES;
				PRODUCT_NAME = "$(TARGET_NAME)";
				SWIFT_VERSION = 5.0;
			};
			name = Debug;
		};
		389B004C247F678900D27828 /* Release */ = {
			isa = XCBuildConfiguration;
			buildSettings = {
				CODE_SIGN_ENTITLEMENTS = imagenetteBenchmark/imagenetteBenchmark.entitlements;
				CODE_SIGN_STYLE = Automatic;
				DEVELOPMENT_TEAM = B298T8UF7G;
				ENABLE_HARDENED_RUNTIME = YES;
				PRODUCT_NAME = "$(TARGET_NAME)";
				SWIFT_VERSION = 5.0;
			};
			name = Release;
		};
/* End XCBuildConfiguration section */

/* Begin XCConfigurationList section */
		389B003E247F678900D27828 /* Build configuration list for PBXProject "imagenetteBenchmark" */ = {
			isa = XCConfigurationList;
			buildConfigurations = (
				389B0048247F678900D27828 /* Debug */,
				389B0049247F678900D27828 /* Release */,
			);
			defaultConfigurationIsVisible = 0;
			defaultConfigurationName = Release;
		};
		389B004A247F678900D27828 /* Build configuration list for PBXNativeTarget "imagenetteBenchmark" */ = {
			isa = XCConfigurationList;
			buildConfigurations = (
				389B004B247F678900D27828 /* Debug */,
				389B004C247F678900D27828 /* Release */,
			);
			defaultConfigurationIsVisible = 0;
			defaultConfigurationName = Release;
		};
/* End XCConfigurationList section */

/* Begin XCRemoteSwiftPackageReference section */
		389B004E247F67D200D27828 /* XCRemoteSwiftPackageReference "swift-benchmark" */ = {
			isa = XCRemoteSwiftPackageReference;
			repositoryURL = "https://github.com/google/swift-benchmark";
			requirement = {
				branch = master;
				kind = branch;
			};
		};
		389B0051247F693600D27828 /* XCRemoteSwiftPackageReference "swift-models" */ = {
			isa = XCRemoteSwiftPackageReference;
			repositoryURL = "http://github.com/tensorflow/swift-models";
			requirement = {
				branch = master;
				kind = branch;
			};
		};
/* End XCRemoteSwiftPackageReference section */

/* Begin XCSwiftPackageProductDependency section */
		389B004F247F67D200D27828 /* Benchmark */ = {
			isa = XCSwiftPackageProductDependency;
			package = 389B004E247F67D200D27828 /* XCRemoteSwiftPackageReference "swift-benchmark" */;
			productName = Benchmark;
		};
		389B0052247F693600D27828 /* VideoClassificationModels */ = {
			isa = XCSwiftPackageProductDependency;
			package = 389B0051247F693600D27828 /* XCRemoteSwiftPackageReference "swift-models" */;
			productName = VideoClassificationModels;
		};
		389B0054247F693600D27828 /* ImageClassificationModels */ = {
			isa = XCSwiftPackageProductDependency;
			package = 389B0051247F693600D27828 /* XCRemoteSwiftPackageReference "swift-models" */;
			productName = ImageClassificationModels;
		};
		389B0056247F693600D27828 /* MiniGo */ = {
			isa = XCSwiftPackageProductDependency;
			package = 389B0051247F693600D27828 /* XCRemoteSwiftPackageReference "swift-models" */;
			productName = MiniGo;
		};
		389B0058247F693600D27828 /* ModelSupport */ = {
			isa = XCSwiftPackageProductDependency;
			package = 389B0051247F693600D27828 /* XCRemoteSwiftPackageReference "swift-models" */;
			productName = ModelSupport;
		};
		389B005A247F693600D27828 /* Batcher */ = {
			isa = XCSwiftPackageProductDependency;
			package = 389B0051247F693600D27828 /* XCRemoteSwiftPackageReference "swift-models" */;
			productName = Batcher;
		};
		389B005C247F693600D27828 /* FastStyleTransfer */ = {
			isa = XCSwiftPackageProductDependency;
			package = 389B0051247F693600D27828 /* XCRemoteSwiftPackageReference "swift-models" */;
			productName = FastStyleTransfer;
		};
		389B005E247F693600D27828 /* RecommendationModels */ = {
			isa = XCSwiftPackageProductDependency;
			package = 389B0051247F693600D27828 /* XCRemoteSwiftPackageReference "swift-models" */;
			productName = RecommendationModels;
		};
		389B0060247F693600D27828 /* Datasets */ = {
			isa = XCSwiftPackageProductDependency;
			package = 389B0051247F693600D27828 /* XCRemoteSwiftPackageReference "swift-models" */;
			productName = Datasets;
		};
		389B0062247F693600D27828 /* TextModels */ = {
			isa = XCSwiftPackageProductDependency;
			package = 389B0051247F693600D27828 /* XCRemoteSwiftPackageReference "swift-models" */;
			productName = TextModels;
		};
/* End XCSwiftPackageProductDependency section */
	};
	rootObject = 389B003B247F678900D27828 /* Project object */;
}
